{
  "name": "final-project-s23-perfect-strangers",
  "lockfileVersion": 3,
  "requires": true,
  "packages": {
    "": {
      "dependencies": {
        "passport-facebook": "^3.0.0",
        "query-string": "^8.1.0",
        "react-icons": "^4.9.0",
        "reactjs-popup": "^2.0.5",
        "uuidv4": "^6.2.13"
      }
    },
    "node_modules/@types/uuid": {
      "version": "8.3.4",
      "resolved": "https://registry.npmjs.org/@types/uuid/-/uuid-8.3.4.tgz",
      "integrity": "sha512-c/I8ZRb51j+pYGAu5CrFMRxqZ2ke4y2grEBO5AUjgSkSk+qT2Ea+OdWElz/OiMf5MNpn2b17kuVBwZLQJXzihw=="
    },
    "node_modules/base64url": {
      "version": "3.0.1",
      "resolved": "https://registry.npmjs.org/base64url/-/base64url-3.0.1.tgz",
      "integrity": "sha512-ir1UPr3dkwexU7FdV8qBBbNDRUhMmIekYMFZfi+C/sLNnRESKPl23nB9b2pltqfOQNnGzsDdId90AEtG5tCx4A==",
      "engines": {
        "node": ">=6.0.0"
      }
    },
    "node_modules/decode-uri-component": {
      "version": "0.4.1",
      "resolved": "https://registry.npmjs.org/decode-uri-component/-/decode-uri-component-0.4.1.tgz",
      "integrity": "sha512-+8VxcR21HhTy8nOt6jf20w0c9CADrw1O8d+VZ/YzzCt4bJ3uBjw+D1q2osAB8RnpwwaeYBxy0HyKQxD5JBMuuQ==",
      "engines": {
        "node": ">=14.16"
      }
    },
    "node_modules/filter-obj": {
      "version": "5.1.0",
      "resolved": "https://registry.npmjs.org/filter-obj/-/filter-obj-5.1.0.tgz",
      "integrity": "sha512-qWeTREPoT7I0bifpPUXtxkZJ1XJzxWtfoWWkdVGqa+eCr3SHW/Ocp89o8vLvbUuQnadybJpjOKu4V+RwO6sGng==",
      "engines": {
        "node": ">=14.16"
      },
      "funding": {
        "url": "https://github.com/sponsors/sindresorhus"
      }
    },
    "node_modules/js-tokens": {
      "version": "4.0.0",
      "resolved": "https://registry.npmjs.org/js-tokens/-/js-tokens-4.0.0.tgz",
      "integrity": "sha512-RdJUflcE3cUzKiMqQgsCu06FPu9UdIJO0beYbPhHN4k6apgJtifcoCtT9bcxOpYBtpD2kCM6Sbzg4CausW/PKQ==",
      "peer": true
    },
    "node_modules/loose-envify": {
      "version": "1.4.0",
      "resolved": "https://registry.npmjs.org/loose-envify/-/loose-envify-1.4.0.tgz",
      "integrity": "sha512-lyuxPGr/Wfhrlem2CL/UcnUc1zcqKAImBDzukY7Y5F/yQiNdko6+fRLevlw1HgMySw7f611UIY408EtxRSoK3Q==",
      "peer": true,
      "dependencies": {
        "js-tokens": "^3.0.0 || ^4.0.0"
      },
      "bin": {
        "loose-envify": "cli.js"
      }
    },
    "node_modules/oauth": {
      "version": "0.9.15",
      "resolved": "https://registry.npmjs.org/oauth/-/oauth-0.9.15.tgz",
      "integrity": "sha512-a5ERWK1kh38ExDEfoO6qUHJb32rd7aYmPHuyCu3Fta/cnICvYmgd2uhuKXvPD+PXB+gCEYYEaQdIRAjCOwAKNA=="
    },
    "node_modules/passport-facebook": {
      "version": "3.0.0",
      "resolved": "https://registry.npmjs.org/passport-facebook/-/passport-facebook-3.0.0.tgz",
      "integrity": "sha512-K/qNzuFsFISYAyC1Nma4qgY/12V3RSLFdFVsPKXiKZt434wOvthFW1p7zKa1iQihQMRhaWorVE1o3Vi1o+ZgeQ==",
      "dependencies": {
        "passport-oauth2": "1.x.x"
      },
      "engines": {
        "node": ">= 0.4.0"
      }
    },
    "node_modules/passport-oauth2": {
      "version": "1.7.0",
      "resolved": "https://registry.npmjs.org/passport-oauth2/-/passport-oauth2-1.7.0.tgz",
      "integrity": "sha512-j2gf34szdTF2Onw3+76alNnaAExlUmHvkc7cL+cmaS5NzHzDP/BvFHJruueQ9XAeNOdpI+CH+PWid8RA7KCwAQ==",
      "dependencies": {
        "base64url": "3.x.x",
        "oauth": "0.9.x",
        "passport-strategy": "1.x.x",
        "uid2": "0.0.x",
        "utils-merge": "1.x.x"
      },
      "engines": {
        "node": ">= 0.4.0"
      },
      "funding": {
        "type": "github",
        "url": "https://github.com/sponsors/jaredhanson"
      }
    },
    "node_modules/passport-strategy": {
      "version": "1.0.0",
      "resolved": "https://registry.npmjs.org/passport-strategy/-/passport-strategy-1.0.0.tgz",
      "integrity": "sha512-CB97UUvDKJde2V0KDWWB3lyf6PC3FaZP7YxZ2G8OAtn9p4HI9j9JLP9qjOGZFvyl8uwNT8qM+hGnz/n16NI7oA==",
      "engines": {
        "node": ">= 0.4.0"
      }
    },
    "node_modules/query-string": {
      "version": "8.1.0",
      "resolved": "https://registry.npmjs.org/query-string/-/query-string-8.1.0.tgz",
      "integrity": "sha512-BFQeWxJOZxZGix7y+SByG3F36dA0AbTy9o6pSmKFcFz7DAj0re9Frkty3saBn3nHo3D0oZJ/+rx3r8H8r8Jbpw==",
      "dependencies": {
        "decode-uri-component": "^0.4.1",
        "filter-obj": "^5.1.0",
        "split-on-first": "^3.0.0"
      },
      "engines": {
        "node": ">=14.16"
      },
      "funding": {
        "url": "https://github.com/sponsors/sindresorhus"
      }
    },
    "node_modules/react": {
      "version": "18.2.0",
      "resolved": "https://registry.npmjs.org/react/-/react-18.2.0.tgz",
      "integrity": "sha512-/3IjMdb2L9QbBdWiW5e3P2/npwMBaU9mHCSCUzNln0ZCYbcfTsGbTJrU/kGemdH2IWmB2ioZ+zkxtmq6g09fGQ==",
      "peer": true,
      "dependencies": {
        "loose-envify": "^1.1.0"
      },
      "engines": {
        "node": ">=0.10.0"
      }
    },
    "node_modules/react-dom": {
      "version": "18.2.0",
      "resolved": "https://registry.npmjs.org/react-dom/-/react-dom-18.2.0.tgz",
      "integrity": "sha512-6IMTriUmvsjHUjNtEDudZfuDQUoWXVxKHhlEGSk81n4YFS+r/Kl99wXiwlVXtPBtJenozv2P+hxDsw9eA7Xo6g==",
      "peer": true,
      "dependencies": {
        "loose-envify": "^1.1.0",
        "scheduler": "^0.23.0"
      },
      "peerDependencies": {
        "react": "^18.2.0"
      }
    },
    "node_modules/react-icons": {
      "version": "4.9.0",
      "resolved": "https://registry.npmjs.org/react-icons/-/react-icons-4.9.0.tgz",
      "integrity": "sha512-ijUnFr//ycebOqujtqtV9PFS7JjhWg0QU6ykURVHuL4cbofvRCf3f6GMn9+fBktEFQOIVZnuAYLZdiyadRQRFg==",
      "peerDependencies": {
        "react": "*"
      }
    },
    "node_modules/reactjs-popup": {
      "version": "2.0.5",
      "resolved": "https://registry.npmjs.org/reactjs-popup/-/reactjs-popup-2.0.5.tgz",
      "integrity": "sha512-b5hv9a6aGsHEHXFAgPO5s1Jw1eSkopueyUVxQewGdLgqk2eW0IVXZrPRpHR629YcgIpC2oxtX8OOZ8a7bQJbxA==",
      "engines": {
        "node": ">=10"
      },
      "peerDependencies": {
        "react": ">=16",
        "react-dom": ">=16"
      }
    },
    "node_modules/scheduler": {
      "version": "0.23.0",
      "resolved": "https://registry.npmjs.org/scheduler/-/scheduler-0.23.0.tgz",
      "integrity": "sha512-CtuThmgHNg7zIZWAXi3AsyIzA3n4xx7aNyjwC2VJldO2LMVDhFK+63xGqq6CsJH4rTAt6/M+N4GhZiDYPx9eUw==",
      "peer": true,
      "dependencies": {
        "loose-envify": "^1.1.0"
      }
    },
    "node_modules/split-on-first": {
      "version": "3.0.0",
      "resolved": "https://registry.npmjs.org/split-on-first/-/split-on-first-3.0.0.tgz",
      "integrity": "sha512-qxQJTx2ryR0Dw0ITYyekNQWpz6f8dGd7vffGNflQQ3Iqj9NJ6qiZ7ELpZsJ/QBhIVAiDfXdag3+Gp8RvWa62AA==",
      "engines": {
        "node": ">=12"
      },
      "funding": {
        "url": "https://github.com/sponsors/sindresorhus"
      }
    },
    "node_modules/uid2": {
      "version": "0.0.4",
      "resolved": "https://registry.npmjs.org/uid2/-/uid2-0.0.4.tgz",
      "integrity": "sha512-IevTus0SbGwQzYh3+fRsAMTVVPOoIVufzacXcHPmdlle1jUpq7BRL+mw3dgeLanvGZdwwbWhRV6XrcFNdBmjWA=="
    },
    "node_modules/utils-merge": {
      "version": "1.0.1",
      "resolved": "https://registry.npmjs.org/utils-merge/-/utils-merge-1.0.1.tgz",
      "integrity": "sha512-pMZTvIkT1d+TFGvDOqodOclx0QWkkgi6Tdoa8gC8ffGAAqz9pzPTZWAybbsHHoED/ztMtkv/VoYTYyShUn81hA==",
      "engines": {
        "node": ">= 0.4.0"
      }
    },
    "node_modules/uuid": {
      "version": "8.3.2",
      "resolved": "https://registry.npmjs.org/uuid/-/uuid-8.3.2.tgz",
      "integrity": "sha512-+NYs2QeMWy+GWFOEm9xnn6HCDp0l7QBD7ml8zLUmJ+93Q5NF0NocErnwkTkXVFNiX3/fpC6afS8Dhb/gz7R7eg==",
      "bin": {
        "uuid": "dist/bin/uuid"
      }
    },
    "node_modules/uuidv4": {
      "version": "6.2.13",
      "resolved": "https://registry.npmjs.org/uuidv4/-/uuidv4-6.2.13.tgz",
      "integrity": "sha512-AXyzMjazYB3ovL3q051VLH06Ixj//Knx7QnUSi1T//Ie3io6CpsPu9nVMOx5MoLWh6xV0B9J0hIaxungxXUbPQ==",
      "dependencies": {
        "@types/uuid": "8.3.4",
        "uuid": "8.3.2"
      }
    }
  }
}
